// !$*UTF8*$!
{
	archiveVersion = 1;
	classes = {
	};
	objectVersion = 46;
	objects = {

/* Begin PBXBuildFile section */
		A182E5641E77D3640007F5D7 /* main.m in Sources */ = {isa = PBXBuildFile; fileRef = A182E5631E77D3640007F5D7 /* main.m */; };
		A182E5671E77D3640007F5D7 /* AppDelegate.m in Sources */ = {isa = PBXBuildFile; fileRef = A182E5661E77D3640007F5D7 /* AppDelegate.m */; };
		A182E56A1E77D3640007F5D7 /* ViewController.m in Sources */ = {isa = PBXBuildFile; fileRef = A182E5691E77D3640007F5D7 /* ViewController.m */; };
		A182E56D1E77D3640007F5D7 /* Main.storyboard in Resources */ = {isa = PBXBuildFile; fileRef = A182E56B1E77D3640007F5D7 /* Main.storyboard */; };
		A182E56F1E77D3640007F5D7 /* Assets.xcassets in Resources */ = {isa = PBXBuildFile; fileRef = A182E56E1E77D3640007F5D7 /* Assets.xcassets */; };
		A182E5721E77D3640007F5D7 /* LaunchScreen.storyboard in Resources */ = {isa = PBXBuildFile; fileRef = A182E5701E77D3640007F5D7 /* LaunchScreen.storyboard */; };
		A19DF6A11E85065600D05297 /* GPBArray.m in Sources */ = {isa = PBXBuildFile; fileRef = A19DF67A1E85065600D05297 /* GPBArray.m */; settings = {COMPILER_FLAGS = "-fno-objc-arc"; }; };
		A19DF6A21E85065600D05297 /* GPBCodedInputStream.m in Sources */ = {isa = PBXBuildFile; fileRef = A19DF67E1E85065600D05297 /* GPBCodedInputStream.m */; settings = {COMPILER_FLAGS = "-fno-objc-arc"; }; };
		A19DF6A31E85065600D05297 /* GPBCodedOutputStream.m in Sources */ = {isa = PBXBuildFile; fileRef = A19DF6811E85065600D05297 /* GPBCodedOutputStream.m */; settings = {COMPILER_FLAGS = "-fno-objc-arc"; }; };
		A19DF6A41E85065600D05297 /* GPBDescriptor.m in Sources */ = {isa = PBXBuildFile; fileRef = A19DF6841E85065600D05297 /* GPBDescriptor.m */; settings = {COMPILER_FLAGS = "-fno-objc-arc"; }; };
		A19DF6A51E85065600D05297 /* GPBDictionary.m in Sources */ = {isa = PBXBuildFile; fileRef = A19DF6871E85065600D05297 /* GPBDictionary.m */; settings = {COMPILER_FLAGS = "-fno-objc-arc"; }; };
		A19DF6A61E85065600D05297 /* GPBExtensionInternals.m in Sources */ = {isa = PBXBuildFile; fileRef = A19DF68A1E85065600D05297 /* GPBExtensionInternals.m */; settings = {COMPILER_FLAGS = "-fno-objc-arc"; }; };
		A19DF6A71E85065600D05297 /* GPBExtensionRegistry.m in Sources */ = {isa = PBXBuildFile; fileRef = A19DF68C1E85065600D05297 /* GPBExtensionRegistry.m */; settings = {COMPILER_FLAGS = "-fno-objc-arc"; }; };
		A19DF6A81E85065600D05297 /* GPBMessage.m in Sources */ = {isa = PBXBuildFile; fileRef = A19DF68E1E85065600D05297 /* GPBMessage.m */; settings = {COMPILER_FLAGS = "-fno-objc-arc"; }; };
		A19DF6A91E85065600D05297 /* GPBRootObject.m in Sources */ = {isa = PBXBuildFile; fileRef = A19DF6931E85065600D05297 /* GPBRootObject.m */; settings = {COMPILER_FLAGS = "-fno-objc-arc"; }; };
		A19DF6AA1E85065600D05297 /* GPBUnknownField.m in Sources */ = {isa = PBXBuildFile; fileRef = A19DF6971E85065600D05297 /* GPBUnknownField.m */; settings = {COMPILER_FLAGS = "-fno-objc-arc"; }; };
		A19DF6AB1E85065600D05297 /* GPBUnknownFieldSet.m in Sources */ = {isa = PBXBuildFile; fileRef = A19DF69A1E85065600D05297 /* GPBUnknownFieldSet.m */; settings = {COMPILER_FLAGS = "-fno-objc-arc"; }; };
		A19DF6AC1E85065600D05297 /* GPBUtilities.m in Sources */ = {isa = PBXBuildFile; fileRef = A19DF69D1E85065600D05297 /* GPBUtilities.m */; settings = {COMPILER_FLAGS = "-fno-objc-arc"; }; };
		A19DF6AD1E85065600D05297 /* GPBWireFormat.m in Sources */ = {isa = PBXBuildFile; fileRef = A19DF6A01E85065600D05297 /* GPBWireFormat.m */; settings = {COMPILER_FLAGS = "-fno-objc-arc"; }; };
		A1B122711E780104003AD076 /* Person.proto in Resources */ = {isa = PBXBuildFile; fileRef = A1B1226F1E780104003AD076 /* Person.proto */; };
		A1B122741E78020E003AD076 /* Person.pbobjc.m in Sources */ = {isa = PBXBuildFile; fileRef = A1B122731E78020E003AD076 /* Person.pbobjc.m */; settings = {COMPILER_FLAGS = "-fno-objc-arc"; }; };
		DAC5A59E38156523693CFC8E /* libPods-PBDemo.a in Frameworks */ = {isa = PBXBuildFile; fileRef = C27AA699EEF69681EBA0EE8D /* libPods-PBDemo.a */; };
/* End PBXBuildFile section */

/* Begin PBXFileReference section */
		4D5FB68147D620D1EFA1654B /* Pods-PBDemo.release.xcconfig */ = {isa = PBXFileReference; includeInIndex = 1; lastKnownFileType = text.xcconfig; name = "Pods-PBDemo.release.xcconfig"; path = "Pods/Target Support Files/Pods-PBDemo/Pods-PBDemo.release.xcconfig"; sourceTree = "<group>"; };
		66EECC66A1D6779A9891BBF2 /* Pods-PBDemo.debug.xcconfig */ = {isa = PBXFileReference; includeInIndex = 1; lastKnownFileType = text.xcconfig; name = "Pods-PBDemo.debug.xcconfig"; path = "Pods/Target Support Files/Pods-PBDemo/Pods-PBDemo.debug.xcconfig"; sourceTree = "<group>"; };
		A182E55F1E77D3630007F5D7 /* PBDemo.app */ = {isa = PBXFileReference; explicitFileType = wrapper.application; includeInIndex = 0; path = PBDemo.app; sourceTree = BUILT_PRODUCTS_DIR; };
		A182E5631E77D3640007F5D7 /* main.m */ = {isa = PBXFileReference; lastKnownFileType = sourcecode.c.objc; path = main.m; sourceTree = "<group>"; };
		A182E5651E77D3640007F5D7 /* AppDelegate.h */ = {isa = PBXFileReference; lastKnownFileType = sourcecode.c.h; path = AppDelegate.h; sourceTree = "<group>"; };
		A182E5661E77D3640007F5D7 /* AppDelegate.m */ = {isa = PBXFileReference; lastKnownFileType = sourcecode.c.objc; path = AppDelegate.m; sourceTree = "<group>"; };
		A182E5681E77D3640007F5D7 /* ViewController.h */ = {isa = PBXFileReference; lastKnownFileType = sourcecode.c.h; path = ViewController.h; sourceTree = "<group>"; };
		A182E5691E77D3640007F5D7 /* ViewController.m */ = {isa = PBXFileReference; lastKnownFileType = sourcecode.c.objc; path = ViewController.m; sourceTree = "<group>"; };
		A182E56C1E77D3640007F5D7 /* Base */ = {isa = PBXFileReference; lastKnownFileType = file.storyboard; name = Base; path = Base.lproj/Main.storyboard; sourceTree = "<group>"; };
		A182E56E1E77D3640007F5D7 /* Assets.xcassets */ = {isa = PBXFileReference; lastKnownFileType = folder.assetcatalog; path = Assets.xcassets; sourceTree = "<group>"; };
		A182E5711E77D3640007F5D7 /* Base */ = {isa = PBXFileReference; lastKnownFileType = file.storyboard; name = Base; path = Base.lproj/LaunchScreen.storyboard; sourceTree = "<group>"; };
		A182E5731E77D3640007F5D7 /* Info.plist */ = {isa = PBXFileReference; lastKnownFileType = text.plist.xml; path = Info.plist; sourceTree = "<group>"; };
		A19DF6791E85065600D05297 /* GPBArray.h */ = {isa = PBXFileReference; fileEncoding = 4; lastKnownFileType = sourcecode.c.h; path = GPBArray.h; sourceTree = "<group>"; };
		A19DF67A1E85065600D05297 /* GPBArray.m */ = {isa = PBXFileReference; fileEncoding = 4; lastKnownFileType = sourcecode.c.objc; path = GPBArray.m; sourceTree = "<group>"; };
		A19DF67B1E85065600D05297 /* GPBArray_PackagePrivate.h */ = {isa = PBXFileReference; fileEncoding = 4; lastKnownFileType = sourcecode.c.h; path = GPBArray_PackagePrivate.h; sourceTree = "<group>"; };
		A19DF67C1E85065600D05297 /* GPBBootstrap.h */ = {isa = PBXFileReference; fileEncoding = 4; lastKnownFileType = sourcecode.c.h; path = GPBBootstrap.h; sourceTree = "<group>"; };
		A19DF67D1E85065600D05297 /* GPBCodedInputStream.h */ = {isa = PBXFileReference; fileEncoding = 4; lastKnownFileType = sourcecode.c.h; path = GPBCodedInputStream.h; sourceTree = "<group>"; };
		A19DF67E1E85065600D05297 /* GPBCodedInputStream.m */ = {isa = PBXFileReference; fileEncoding = 4; lastKnownFileType = sourcecode.c.objc; path = GPBCodedInputStream.m; sourceTree = "<group>"; };
		A19DF67F1E85065600D05297 /* GPBCodedInputStream_PackagePrivate.h */ = {isa = PBXFileReference; fileEncoding = 4; lastKnownFileType = sourcecode.c.h; path = GPBCodedInputStream_PackagePrivate.h; sourceTree = "<group>"; };
		A19DF6801E85065600D05297 /* GPBCodedOutputStream.h */ = {isa = PBXFileReference; fileEncoding = 4; lastKnownFileType = sourcecode.c.h; path = GPBCodedOutputStream.h; sourceTree = "<group>"; };
		A19DF6811E85065600D05297 /* GPBCodedOutputStream.m */ = {isa = PBXFileReference; fileEncoding = 4; lastKnownFileType = sourcecode.c.objc; path = GPBCodedOutputStream.m; sourceTree = "<group>"; };
		A19DF6821E85065600D05297 /* GPBCodedOutputStream_PackagePrivate.h */ = {isa = PBXFileReference; fileEncoding = 4; lastKnownFileType = sourcecode.c.h; path = GPBCodedOutputStream_PackagePrivate.h; sourceTree = "<group>"; };
		A19DF6831E85065600D05297 /* GPBDescriptor.h */ = {isa = PBXFileReference; fileEncoding = 4; lastKnownFileType = sourcecode.c.h; path = GPBDescriptor.h; sourceTree = "<group>"; };
		A19DF6841E85065600D05297 /* GPBDescriptor.m */ = {isa = PBXFileReference; fileEncoding = 4; lastKnownFileType = sourcecode.c.objc; path = GPBDescriptor.m; sourceTree = "<group>"; };
		A19DF6851E85065600D05297 /* GPBDescriptor_PackagePrivate.h */ = {isa = PBXFileReference; fileEncoding = 4; lastKnownFileType = sourcecode.c.h; path = GPBDescriptor_PackagePrivate.h; sourceTree = "<group>"; };
		A19DF6861E85065600D05297 /* GPBDictionary.h */ = {isa = PBXFileReference; fileEncoding = 4; lastKnownFileType = sourcecode.c.h; path = GPBDictionary.h; sourceTree = "<group>"; };
		A19DF6871E85065600D05297 /* GPBDictionary.m */ = {isa = PBXFileReference; fileEncoding = 4; lastKnownFileType = sourcecode.c.objc; path = GPBDictionary.m; sourceTree = "<group>"; };
		A19DF6881E85065600D05297 /* GPBDictionary_PackagePrivate.h */ = {isa = PBXFileReference; fileEncoding = 4; lastKnownFileType = sourcecode.c.h; path = GPBDictionary_PackagePrivate.h; sourceTree = "<group>"; };
		A19DF6891E85065600D05297 /* GPBExtensionInternals.h */ = {isa = PBXFileReference; fileEncoding = 4; lastKnownFileType = sourcecode.c.h; path = GPBExtensionInternals.h; sourceTree = "<group>"; };
		A19DF68A1E85065600D05297 /* GPBExtensionInternals.m */ = {isa = PBXFileReference; fileEncoding = 4; lastKnownFileType = sourcecode.c.objc; path = GPBExtensionInternals.m; sourceTree = "<group>"; };
		A19DF68B1E85065600D05297 /* GPBExtensionRegistry.h */ = {isa = PBXFileReference; fileEncoding = 4; lastKnownFileType = sourcecode.c.h; path = GPBExtensionRegistry.h; sourceTree = "<group>"; };
		A19DF68C1E85065600D05297 /* GPBExtensionRegistry.m */ = {isa = PBXFileReference; fileEncoding = 4; lastKnownFileType = sourcecode.c.objc; path = GPBExtensionRegistry.m; sourceTree = "<group>"; };
		A19DF68D1E85065600D05297 /* GPBMessage.h */ = {isa = PBXFileReference; fileEncoding = 4; lastKnownFileType = sourcecode.c.h; path = GPBMessage.h; sourceTree = "<group>"; };
		A19DF68E1E85065600D05297 /* GPBMessage.m */ = {isa = PBXFileReference; fileEncoding = 4; lastKnownFileType = sourcecode.c.objc; path = GPBMessage.m; sourceTree = "<group>"; };
		A19DF68F1E85065600D05297 /* GPBMessage_PackagePrivate.h */ = {isa = PBXFileReference; fileEncoding = 4; lastKnownFileType = sourcecode.c.h; path = GPBMessage_PackagePrivate.h; sourceTree = "<group>"; };
		A19DF6901E85065600D05297 /* GPBProtocolBuffers.h */ = {isa = PBXFileReference; fileEncoding = 4; lastKnownFileType = sourcecode.c.h; path = GPBProtocolBuffers.h; sourceTree = "<group>"; };
		A19DF6911E85065600D05297 /* GPBProtocolBuffers_RuntimeSupport.h */ = {isa = PBXFileReference; fileEncoding = 4; lastKnownFileType = sourcecode.c.h; path = GPBProtocolBuffers_RuntimeSupport.h; sourceTree = "<group>"; };
		A19DF6921E85065600D05297 /* GPBRootObject.h */ = {isa = PBXFileReference; fileEncoding = 4; lastKnownFileType = sourcecode.c.h; path = GPBRootObject.h; sourceTree = "<group>"; };
		A19DF6931E85065600D05297 /* GPBRootObject.m */ = {isa = PBXFileReference; fileEncoding = 4; lastKnownFileType = sourcecode.c.objc; path = GPBRootObject.m; sourceTree = "<group>"; };
		A19DF6941E85065600D05297 /* GPBRootObject_PackagePrivate.h */ = {isa = PBXFileReference; fileEncoding = 4; lastKnownFileType = sourcecode.c.h; path = GPBRootObject_PackagePrivate.h; sourceTree = "<group>"; };
		A19DF6951E85065600D05297 /* GPBRuntimeTypes.h */ = {isa = PBXFileReference; fileEncoding = 4; lastKnownFileType = sourcecode.c.h; path = GPBRuntimeTypes.h; sourceTree = "<group>"; };
		A19DF6961E85065600D05297 /* GPBUnknownField.h */ = {isa = PBXFileReference; fileEncoding = 4; lastKnownFileType = sourcecode.c.h; path = GPBUnknownField.h; sourceTree = "<group>"; };
		A19DF6971E85065600D05297 /* GPBUnknownField.m */ = {isa = PBXFileReference; fileEncoding = 4; lastKnownFileType = sourcecode.c.objc; path = GPBUnknownField.m; sourceTree = "<group>"; };
		A19DF6981E85065600D05297 /* GPBUnknownField_PackagePrivate.h */ = {isa = PBXFileReference; fileEncoding = 4; lastKnownFileType = sourcecode.c.h; path = GPBUnknownField_PackagePrivate.h; sourceTree = "<group>"; };
		A19DF6991E85065600D05297 /* GPBUnknownFieldSet.h */ = {isa = PBXFileReference; fileEncoding = 4; lastKnownFileType = sourcecode.c.h; path = GPBUnknownFieldSet.h; sourceTree = "<group>"; };
		A19DF69A1E85065600D05297 /* GPBUnknownFieldSet.m */ = {isa = PBXFileReference; fileEncoding = 4; lastKnownFileType = sourcecode.c.objc; path = GPBUnknownFieldSet.m; sourceTree = "<group>"; };
		A19DF69B1E85065600D05297 /* GPBUnknownFieldSet_PackagePrivate.h */ = {isa = PBXFileReference; fileEncoding = 4; lastKnownFileType = sourcecode.c.h; path = GPBUnknownFieldSet_PackagePrivate.h; sourceTree = "<group>"; };
		A19DF69C1E85065600D05297 /* GPBUtilities.h */ = {isa = PBXFileReference; fileEncoding = 4; lastKnownFileType = sourcecode.c.h; path = GPBUtilities.h; sourceTree = "<group>"; };
		A19DF69D1E85065600D05297 /* GPBUtilities.m */ = {isa = PBXFileReference; fileEncoding = 4; lastKnownFileType = sourcecode.c.objc; path = GPBUtilities.m; sourceTree = "<group>"; };
		A19DF69E1E85065600D05297 /* GPBUtilities_PackagePrivate.h */ = {isa = PBXFileReference; fileEncoding = 4; lastKnownFileType = sourcecode.c.h; path = GPBUtilities_PackagePrivate.h; sourceTree = "<group>"; };
		A19DF69F1E85065600D05297 /* GPBWireFormat.h */ = {isa = PBXFileReference; fileEncoding = 4; lastKnownFileType = sourcecode.c.h; path = GPBWireFormat.h; sourceTree = "<group>"; };
		A19DF6A01E85065600D05297 /* GPBWireFormat.m */ = {isa = PBXFileReference; fileEncoding = 4; lastKnownFileType = sourcecode.c.objc; path = GPBWireFormat.m; sourceTree = "<group>"; };
		A1B1226F1E780104003AD076 /* Person.proto */ = {isa = PBXFileReference; fileEncoding = 4; lastKnownFileType = text; path = Person.proto; sourceTree = "<group>"; };
		A1B122721E78020E003AD076 /* Person.pbobjc.h */ = {isa = PBXFileReference; fileEncoding = 4; lastKnownFileType = sourcecode.c.h; path = Person.pbobjc.h; sourceTree = "<group>"; };
		A1B122731E78020E003AD076 /* Person.pbobjc.m */ = {isa = PBXFileReference; fileEncoding = 4; lastKnownFileType = sourcecode.c.objc; path = Person.pbobjc.m; sourceTree = "<group>"; };
		C27AA699EEF69681EBA0EE8D /* libPods-PBDemo.a */ = {isa = PBXFileReference; explicitFileType = archive.ar; includeInIndex = 0; path = "libPods-PBDemo.a"; sourceTree = BUILT_PRODUCTS_DIR; };
/* End PBXFileReference section */

/* Begin PBXFrameworksBuildPhase section */
		A182E55C1E77D3630007F5D7 /* Frameworks */ = {
			isa = PBXFrameworksBuildPhase;
			buildActionMask = 2147483647;
			files = (
				DAC5A59E38156523693CFC8E /* libPods-PBDemo.a in Frameworks */,
			);
			runOnlyForDeploymentPostprocessing = 0;
		};
/* End PBXFrameworksBuildPhase section */

/* Begin PBXGroup section */
		62FF540FF34BAE5E18710676 /* Frameworks */ = {
			isa = PBXGroup;
			children = (
				C27AA699EEF69681EBA0EE8D /* libPods-PBDemo.a */,
			);
			name = Frameworks;
			sourceTree = "<group>";
		};
		A182E5561E77D3630007F5D7 = {
			isa = PBXGroup;
			children = (
				A182E5611E77D3630007F5D7 /* PBDemo */,
				A182E5601E77D3630007F5D7 /* Products */,
				F982C3558DC8488CE61C2DA0 /* Pods */,
				62FF540FF34BAE5E18710676 /* Frameworks */,
			);
			sourceTree = "<group>";
		};
		A182E5601E77D3630007F5D7 /* Products */ = {
			isa = PBXGroup;
			children = (
				A182E55F1E77D3630007F5D7 /* PBDemo.app */,
			);
			name = Products;
			sourceTree = "<group>";
		};
		A182E5611E77D3630007F5D7 /* PBDemo */ = {
			isa = PBXGroup;
			children = (
				A19DF6771E85065600D05297 /* objectivec */,
				A1B1226C1E780104003AD076 /* PB */,
				A182E5651E77D3640007F5D7 /* AppDelegate.h */,
				A182E5661E77D3640007F5D7 /* AppDelegate.m */,
				A182E5681E77D3640007F5D7 /* ViewController.h */,
				A182E5691E77D3640007F5D7 /* ViewController.m */,
				A182E56B1E77D3640007F5D7 /* Main.storyboard */,
				A182E56E1E77D3640007F5D7 /* Assets.xcassets */,
				A182E5701E77D3640007F5D7 /* LaunchScreen.storyboard */,
				A182E5731E77D3640007F5D7 /* Info.plist */,
				A182E5621E77D3640007F5D7 /* Supporting Files */,
			);
			path = PBDemo;
			sourceTree = "<group>";
		};
		A182E5621E77D3640007F5D7 /* Supporting Files */ = {
			isa = PBXGroup;
			children = (
				A182E5631E77D3640007F5D7 /* main.m */,
			);
			name = "Supporting Files";
			sourceTree = "<group>";
		};
		A19DF6771E85065600D05297 /* objectivec */ = {
			isa = PBXGroup;
			children = (
				A19DF6781E85065600D05297 /* .deps */,
				A19DF6791E85065600D05297 /* GPBArray.h */,
				A19DF67A1E85065600D05297 /* GPBArray.m */,
				A19DF67B1E85065600D05297 /* GPBArray_PackagePrivate.h */,
				A19DF67C1E85065600D05297 /* GPBBootstrap.h */,
				A19DF67D1E85065600D05297 /* GPBCodedInputStream.h */,
				A19DF67E1E85065600D05297 /* GPBCodedInputStream.m */,
				A19DF67F1E85065600D05297 /* GPBCodedInputStream_PackagePrivate.h */,
				A19DF6801E85065600D05297 /* GPBCodedOutputStream.h */,
				A19DF6811E85065600D05297 /* GPBCodedOutputStream.m */,
				A19DF6821E85065600D05297 /* GPBCodedOutputStream_PackagePrivate.h */,
				A19DF6831E85065600D05297 /* GPBDescriptor.h */,
				A19DF6841E85065600D05297 /* GPBDescriptor.m */,
				A19DF6851E85065600D05297 /* GPBDescriptor_PackagePrivate.h */,
				A19DF6861E85065600D05297 /* GPBDictionary.h */,
				A19DF6871E85065600D05297 /* GPBDictionary.m */,
				A19DF6881E85065600D05297 /* GPBDictionary_PackagePrivate.h */,
				A19DF6891E85065600D05297 /* GPBExtensionInternals.h */,
				A19DF68A1E85065600D05297 /* GPBExtensionInternals.m */,
				A19DF68B1E85065600D05297 /* GPBExtensionRegistry.h */,
				A19DF68C1E85065600D05297 /* GPBExtensionRegistry.m */,
				A19DF68D1E85065600D05297 /* GPBMessage.h */,
				A19DF68E1E85065600D05297 /* GPBMessage.m */,
				A19DF68F1E85065600D05297 /* GPBMessage_PackagePrivate.h */,
				A19DF6901E85065600D05297 /* GPBProtocolBuffers.h */,
				A19DF6911E85065600D05297 /* GPBProtocolBuffers_RuntimeSupport.h */,
				A19DF6921E85065600D05297 /* GPBRootObject.h */,
				A19DF6931E85065600D05297 /* GPBRootObject.m */,
				A19DF6941E85065600D05297 /* GPBRootObject_PackagePrivate.h */,
				A19DF6951E85065600D05297 /* GPBRuntimeTypes.h */,
				A19DF6961E85065600D05297 /* GPBUnknownField.h */,
				A19DF6971E85065600D05297 /* GPBUnknownField.m */,
				A19DF6981E85065600D05297 /* GPBUnknownField_PackagePrivate.h */,
				A19DF6991E85065600D05297 /* GPBUnknownFieldSet.h */,
				A19DF69A1E85065600D05297 /* GPBUnknownFieldSet.m */,
				A19DF69B1E85065600D05297 /* GPBUnknownFieldSet_PackagePrivate.h */,
				A19DF69C1E85065600D05297 /* GPBUtilities.h */,
				A19DF69D1E85065600D05297 /* GPBUtilities.m */,
				A19DF69E1E85065600D05297 /* GPBUtilities_PackagePrivate.h */,
				A19DF69F1E85065600D05297 /* GPBWireFormat.h */,
				A19DF6A01E85065600D05297 /* GPBWireFormat.m */,
			);
			path = objectivec;
			sourceTree = "<group>";
		};
		A19DF6781E85065600D05297 /* .deps */ = {
			isa = PBXGroup;
			children = (
			);
			path = .deps;
			sourceTree = "<group>";
		};
		A1B1226C1E780104003AD076 /* PB */ = {
			isa = PBXGroup;
			children = (
				A1B122721E78020E003AD076 /* Person.pbobjc.h */,
				A1B122731E78020E003AD076 /* Person.pbobjc.m */,
				A1B1226F1E780104003AD076 /* Person.proto */,
			);
			path = PB;
			sourceTree = "<group>";
		};
		F982C3558DC8488CE61C2DA0 /* Pods */ = {
			isa = PBXGroup;
			children = (
				66EECC66A1D6779A9891BBF2 /* Pods-PBDemo.debug.xcconfig */,
				4D5FB68147D620D1EFA1654B /* Pods-PBDemo.release.xcconfig */,
			);
			name = Pods;
			sourceTree = "<group>";
		};
/* End PBXGroup section */

/* Begin PBXNativeTarget section */
		A182E55E1E77D3630007F5D7 /* PBDemo */ = {
			isa = PBXNativeTarget;
			buildConfigurationList = A182E5761E77D3640007F5D7 /* Build configuration list for PBXNativeTarget "PBDemo" */;
			buildPhases = (
				78662B66AADF908CB63CC18A /* [CP] Check Pods Manifest.lock */,
				A182E55B1E77D3630007F5D7 /* Sources */,
				A182E55C1E77D3630007F5D7 /* Frameworks */,
				A182E55D1E77D3630007F5D7 /* Resources */,
				FC8D53BD867FCC559320EC11 /* [CP] Embed Pods Frameworks */,
				45C1D82C5D54E59D75C830B1 /* [CP] Copy Pods Resources */,
			);
			buildRules = (
			);
			dependencies = (
			);
			name = PBDemo;
			productName = PBDemo;
			productReference = A182E55F1E77D3630007F5D7 /* PBDemo.app */;
			productType = "com.apple.product-type.application";
		};
/* End PBXNativeTarget section */

/* Begin PBXProject section */
		A182E5571E77D3630007F5D7 /* Project object */ = {
			isa = PBXProject;
			attributes = {
				LastUpgradeCheck = 0820;
				ORGANIZATIONNAME = EC;
				TargetAttributes = {
					A182E55E1E77D3630007F5D7 = {
						CreatedOnToolsVersion = 8.2.1;
						DevelopmentTeam = N2PG2S36J2;
						ProvisioningStyle = Automatic;
					};
				};
			};
			buildConfigurationList = A182E55A1E77D3630007F5D7 /* Build configuration list for PBXProject "PBDemo" */;
			compatibilityVersion = "Xcode 3.2";
			developmentRegion = English;
			hasScannedForEncodings = 0;
			knownRegions = (
				en,
				Base,
			);
			mainGroup = A182E5561E77D3630007F5D7;
			productRefGroup = A182E5601E77D3630007F5D7 /* Products */;
			projectDirPath = "";
			projectRoot = "";
			targets = (
				A182E55E1E77D3630007F5D7 /* PBDemo */,
			);
		};
/* End PBXProject section */

/* Begin PBXResourcesBuildPhase section */
		A182E55D1E77D3630007F5D7 /* Resources */ = {
			isa = PBXResourcesBuildPhase;
			buildActionMask = 2147483647;
			files = (
				A182E5721E77D3640007F5D7 /* LaunchScreen.storyboard in Resources */,
				A1B122711E780104003AD076 /* Person.proto in Resources */,
				A182E56F1E77D3640007F5D7 /* Assets.xcassets in Resources */,
				A182E56D1E77D3640007F5D7 /* Main.storyboard in Resources */,
			);
			runOnlyForDeploymentPostprocessing = 0;
		};
/* End PBXResourcesBuildPhase section */

/* Begin PBXShellScriptBuildPhase section */
		45C1D82C5D54E59D75C830B1 /* [CP] Copy Pods Resources */ = {
			isa = PBXShellScriptBuildPhase;
			buildActionMask = 2147483647;
			files = (
			);
			inputPaths = (
			);
			name = "[CP] Copy Pods Resources";
			outputPaths = (
			);
			runOnlyForDeploymentPostprocessing = 0;
			shellPath = /bin/sh;
			shellScript = "\"${SRCROOT}/Pods/Target Support Files/Pods-PBDemo/Pods-PBDemo-resources.sh\"\n";
			showEnvVarsInLog = 0;
		};
		78662B66AADF908CB63CC18A /* [CP] Check Pods Manifest.lock */ = {
			isa = PBXShellScriptBuildPhase;
			buildActionMask = 2147483647;
			files = (
			);
			inputPaths = (
			);
			name = "[CP] Check Pods Manifest.lock";
			outputPaths = (
			);
			runOnlyForDeploymentPostprocessing = 0;
			shellPath = /bin/sh;
			shellScript = "diff \"${PODS_ROOT}/../Podfile.lock\" \"${PODS_ROOT}/Manifest.lock\" > /dev/null\nif [[ $? != 0 ]] ; then\n    cat << EOM\nerror: The sandbox is not in sync with the Podfile.lock. Run 'pod install' or update your CocoaPods installation.\nEOM\n    exit 1\nfi\n";
			showEnvVarsInLog = 0;
		};
		FC8D53BD867FCC559320EC11 /* [CP] Embed Pods Frameworks */ = {
			isa = PBXShellScriptBuildPhase;
			buildActionMask = 2147483647;
			files = (
			);
			inputPaths = (
			);
			name = "[CP] Embed Pods Frameworks";
			outputPaths = (
			);
			runOnlyForDeploymentPostprocessing = 0;
			shellPath = /bin/sh;
			shellScript = "\"${SRCROOT}/Pods/Target Support Files/Pods-PBDemo/Pods-PBDemo-frameworks.sh\"\n";
			showEnvVarsInLog = 0;
		};
/* End PBXShellScriptBuildPhase section */

/* Begin PBXSourcesBuildPhase section */
		A182E55B1E77D3630007F5D7 /* Sources */ = {
			isa = PBXSourcesBuildPhase;
			buildActionMask = 2147483647;
			files = (
				A182E56A1E77D3640007F5D7 /* ViewController.m in Sources */,
				A19DF6A81E85065600D05297 /* GPBMessage.m in Sources */,
				A19DF6A51E85065600D05297 /* GPBDictionary.m in Sources */,
				A19DF6A61E85065600D05297 /* GPBExtensionInternals.m in Sources */,
				A19DF6AB1E85065600D05297 /* GPBUnknownFieldSet.m in Sources */,
				A182E5671E77D3640007F5D7 /* AppDelegate.m in Sources */,
				A19DF6A41E85065600D05297 /* GPBDescriptor.m in Sources */,
				A19DF6A21E85065600D05297 /* GPBCodedInputStream.m in Sources */,
				A19DF6AA1E85065600D05297 /* GPBUnknownField.m in Sources */,
				A19DF6A11E85065600D05297 /* GPBArray.m in Sources */,
				A182E5641E77D3640007F5D7 /* main.m in Sources */,
				A19DF6A71E85065600D05297 /* GPBExtensionRegistry.m in Sources */,
				A19DF6A91E85065600D05297 /* GPBRootObject.m in Sources */,
				A19DF6A31E85065600D05297 /* GPBCodedOutputStream.m in Sources */,
				A19DF6AC1E85065600D05297 /* GPBUtilities.m in Sources */,
				A19DF6AD1E85065600D05297 /* GPBWireFormat.m in Sources */,
				A1B122741E78020E003AD076 /* Person.pbobjc.m in Sources */,
			);
			runOnlyForDeploymentPostprocessing = 0;
		};
/* End PBXSourcesBuildPhase section */

/* Begin PBXVariantGroup section */
		A182E56B1E77D3640007F5D7 /* Main.storyboard */ = {
			isa = PBXVariantGroup;
			children = (
				A182E56C1E77D3640007F5D7 /* Base */,
			);
			name = Main.storyboard;
			sourceTree = "<group>";
		};
		A182E5701E77D3640007F5D7 /* LaunchScreen.storyboard */ = {
			isa = PBXVariantGroup;
			children = (
				A182E5711E77D3640007F5D7 /* Base */,
			);
			name = LaunchScreen.storyboard;
			sourceTree = "<group>";
		};
/* End PBXVariantGroup section */

/* Begin XCBuildConfiguration section */
		A182E5741E77D3640007F5D7 /* Debug */ = {
			isa = XCBuildConfiguration;
			buildSettings = {
				ALWAYS_SEARCH_USER_PATHS = NO;
				CLANG_ANALYZER_NONNULL = YES;
				CLANG_CXX_LANGUAGE_STANDARD = "gnu++0x";
				CLANG_CXX_LIBRARY = "libc++";
				CLANG_ENABLE_MODULES = YES;
				CLANG_ENABLE_OBJC_ARC = YES;
				CLANG_WARN_BOOL_CONVERSION = YES;
				CLANG_WARN_CONSTANT_CONVERSION = YES;
				CLANG_WARN_DIRECT_OBJC_ISA_USAGE = YES_ERROR;
				CLANG_WARN_DOCUMENTATION_COMMENTS = YES;
				CLANG_WARN_EMPTY_BODY = YES;
				CLANG_WARN_ENUM_CONVERSION = YES;
				CLANG_WARN_INFINITE_RECURSION = YES;
				CLANG_WARN_INT_CONVERSION = YES;
				CLANG_WARN_OBJC_ROOT_CLASS = YES_ERROR;
				CLANG_WARN_SUSPICIOUS_MOVE = YES;
				CLANG_WARN_UNREACHABLE_CODE = YES;
				CLANG_WARN__DUPLICATE_METHOD_MATCH = YES;
				"CODE_SIGN_IDENTITY[sdk=iphoneos*]" = "iPhone Developer";
				COPY_PHASE_STRIP = NO;
				DEBUG_INFORMATION_FORMAT = dwarf;
				ENABLE_STRICT_OBJC_MSGSEND = YES;
				ENABLE_TESTABILITY = YES;
				GCC_C_LANGUAGE_STANDARD = gnu99;
				GCC_DYNAMIC_NO_PIC = NO;
				GCC_NO_COMMON_BLOCKS = YES;
				GCC_OPTIMIZATION_LEVEL = 0;
				GCC_PREPROCESSOR_DEFINITIONS = (
					"DEBUG=1",
					"$(inherited)",
				);
				GCC_WARN_64_TO_32_BIT_CONVERSION = YES;
				GCC_WARN_ABOUT_RETURN_TYPE = YES_ERROR;
				GCC_WARN_UNDECLARED_SELECTOR = YES;
				GCC_WARN_UNINITIALIZED_AUTOS = YES_AGGRESSIVE;
				GCC_WARN_UNUSED_FUNCTION = YES;
				GCC_WARN_UNUSED_VARIABLE = YES;
				IPHONEOS_DEPLOYMENT_TARGET = 10.2;
				MTL_ENABLE_DEBUG_INFO = YES;
				ONLY_ACTIVE_ARCH = YES;
				SDKROOT = iphoneos;
			};
			name = Debug;
		};
		A182E5751E77D3640007F5D7 /* Release */ = {
			isa = XCBuildConfiguration;
			buildSettings = {
				ALWAYS_SEARCH_USER_PATHS = NO;
				CLANG_ANALYZER_NONNULL = YES;
				CLANG_CXX_LANGUAGE_STANDARD = "gnu++0x";
				CLANG_CXX_LIBRARY = "libc++";
				CLANG_ENABLE_MODULES = YES;
				CLANG_ENABLE_OBJC_ARC = YES;
				CLANG_WARN_BOOL_CONVERSION = YES;
				CLANG_WARN_CONSTANT_CONVERSION = YES;
				CLANG_WARN_DIRECT_OBJC_ISA_USAGE = YES_ERROR;
				CLANG_WARN_DOCUMENTATION_COMMENTS = YES;
				CLANG_WARN_EMPTY_BODY = YES;
				CLANG_WARN_ENUM_CONVERSION = YES;
				CLANG_WARN_INFINITE_RECURSION = YES;
				CLANG_WARN_INT_CONVERSION = YES;
				CLANG_WARN_OBJC_ROOT_CLASS = YES_ERROR;
				CLANG_WARN_SUSPICIOUS_MOVE = YES;
				CLANG_WARN_UNREACHABLE_CODE = YES;
				CLANG_WARN__DUPLICATE_METHOD_MATCH = YES;
				"CODE_SIGN_IDENTITY[sdk=iphoneos*]" = "iPhone Developer";
				COPY_PHASE_STRIP = NO;
				DEBUG_INFORMATION_FORMAT = "dwarf-with-dsym";
				ENABLE_NS_ASSERTIONS = NO;
				ENABLE_STRICT_OBJC_MSGSEND = YES;
				GCC_C_LANGUAGE_STANDARD = gnu99;
				GCC_NO_COMMON_BLOCKS = YES;
				GCC_WARN_64_TO_32_BIT_CONVERSION = YES;
				GCC_WARN_ABOUT_RETURN_TYPE = YES_ERROR;
				GCC_WARN_UNDECLARED_SELECTOR = YES;
				GCC_WARN_UNINITIALIZED_AUTOS = YES_AGGRESSIVE;
				GCC_WARN_UNUSED_FUNCTION = YES;
				GCC_WARN_UNUSED_VARIABLE = YES;
				IPHONEOS_DEPLOYMENT_TARGET = 10.2;
				MTL_ENABLE_DEBUG_INFO = NO;
				SDKROOT = iphoneos;
				VALIDATE_PRODUCT = YES;
			};
			name = Release;
		};
		A182E5771E77D3640007F5D7 /* Debug */ = {
			isa = XCBuildConfiguration;
			baseConfigurationReference = 66EECC66A1D6779A9891BBF2 /* Pods-PBDemo.debug.xcconfig */;
			buildSettings = {
				ASSETCATALOG_COMPILER_APPICON_NAME = AppIcon;
				DEVELOPMENT_TEAM = N2PG2S36J2;
				INFOPLIST_FILE = PBDemo/Info.plist;
				LD_RUNPATH_SEARCH_PATHS = "$(inherited) @executable_path/Frameworks";
				PRODUCT_BUNDLE_IDENTIFIER = gengpengpeng.PBDemo;
				PRODUCT_NAME = "$(TARGET_NAME)";
			};
			name = Debug;
		};
		A182E5781E77D3640007F5D7 /* Release */ = {
			isa = XCBuildConfiguration;
			baseConfigurationReference = 4D5FB68147D620D1EFA1654B /* Pods-PBDemo.release.xcconfig */;
			buildSettings = {
				ASSETCATALOG_COMPILER_APPICON_NAME = AppIcon;
				DEVELOPMENT_TEAM = N2PG2S36J2;
				INFOPLIST_FILE = PBDemo/Info.plist;
				LD_RUNPATH_SEARCH_PATHS = "$(inherited) @executable_path/Frameworks";
				PRODUCT_BUNDLE_IDENTIFIER = gengpengpeng.PBDemo;
				PRODUCT_NAME = "$(TARGET_NAME)";
			};
			name = Release;
		};
/* End XCBuildConfiguration section */

/* Begin XCConfigurationList section */
		A182E55A1E77D3630007F5D7 /* Build configuration list for PBXProject "PBDemo" */ = {
			isa = XCConfigurationList;
			buildConfigurations = (
				A182E5741E77D3640007F5D7 /* Debug */,
				A182E5751E77D3640007F5D7 /* Release */,
			);
			defaultConfigurationIsVisible = 0;
			defaultConfigurationName = Release;
		};
		A182E5761E77D3640007F5D7 /* Build configuration list for PBXNativeTarget "PBDemo" */ = {
			isa = XCConfigurationList;
			buildConfigurations = (
				A182E5771E77D3640007F5D7 /* Debug */,
				A182E5781E77D3640007F5D7 /* Release */,
			);
			defaultConfigurationIsVisible = 0;
			defaultConfigurationName = Release;
		};
/* End XCConfigurationList section */
	};
	rootObject = A182E5571E77D3630007F5D7 /* Project object */;
}
